// !$*UTF8*$!
{
	archiveVersion = 1;
	classes = {
	};
	objectVersion = 46;
	objects = {

/* Begin PBXBuildFile section */
		5C3EB210938ED45B15E9AC2F /* UsnitLogic.cpp in Sources */ = {isa = PBXBuildFile; fileRef = 06BC903E305ABA0C8A6F99CE /* UsnitLogic.cpp */; };
		9D701432352DA19CA5B7F47B /* USNUsnitEventGen+Private.mm in Sources */ = {isa = PBXBuildFile; fileRef = D8493963346F50FA7E7C2A43 /* USNUsnitEventGen+Private.mm */; };
		A2C7E4B00050320E1455365B /* USNUsnitGen+Private.mm in Sources */ = {isa = PBXBuildFile; fileRef = 49A8BC59A6DF6EBBA0BD217F /* USNUsnitGen+Private.mm */; };
/* End PBXBuildFile section */

/* Begin PBXFileReference section */
		06BC903E305ABA0C8A6F99CE /* UsnitLogic.cpp */ = {isa = PBXFileReference; lastKnownFileType = sourcecode.cpp.cpp; path = UsnitLogic.cpp; sourceTree = "<group>"; };
		294C18D138F451F9A6B0755C /* usnit.gyp */ = {isa = PBXFileReference; explicitFileType = sourcecode; path = usnit.gyp; sourceTree = "<group>"; };
		30DF8A96D4ED0EC6B1B04691 /* USNUsnitGen+Private.h */ = {isa = PBXFileReference; lastKnownFileType = sourcecode.c.h; path = "USNUsnitGen+Private.h"; sourceTree = "<group>"; };
		4610FEA4A901D379EDC60051 /* libusnit_objc.a */ = {isa = PBXFileReference; explicitFileType = archive.ar; includeInIndex = 0; path = libusnit_objc.a; sourceTree = BUILT_PRODUCTS_DIR; };
		49A8BC59A6DF6EBBA0BD217F /* USNUsnitGen+Private.mm */ = {isa = PBXFileReference; lastKnownFileType = sourcecode.cpp.objcpp; path = "USNUsnitGen+Private.mm"; sourceTree = "<group>"; };
		4D67B6D000828CD49F129558 /* usnit_type.hpp */ = {isa = PBXFileReference; lastKnownFileType = text; path = usnit_type.hpp; sourceTree = "<group>"; };
		6B77AF412EDB49C820075CA9 /* USNUsnitEventType.h */ = {isa = PBXFileReference; lastKnownFileType = sourcecode.c.h; path = USNUsnitEventType.h; sourceTree = "<group>"; };
		7171C1DF80ECF3A921050E81 /* UsnitLogic.hpp */ = {isa = PBXFileReference; lastKnownFileType = text; path = UsnitLogic.hpp; sourceTree = "<group>"; };
		7BED148A3A5C9AD86F31C793 /* USNUsnitGen.h */ = {isa = PBXFileReference; lastKnownFileType = sourcecode.c.h; path = USNUsnitGen.h; sourceTree = "<group>"; };
		869BD0915B099BF813E556DA /* common.gypi */ = {isa = PBXFileReference; explicitFileType = sourcecode; name = common.gypi; path = gearsbox/deps/djinni/common.gypi; sourceTree = "<group>"; };
		99B5BA40E37537A178C9FF1A /* USNLangType.h */ = {isa = PBXFileReference; lastKnownFileType = sourcecode.c.h; path = USNLangType.h; sourceTree = "<group>"; };
		9B101F7C790C8C8AF278A633 /* usnit_gen.hpp */ = {isa = PBXFileReference; lastKnownFileType = text; path = usnit_gen.hpp; sourceTree = "<group>"; };
		9FCD2C739AF9AA54C0F44919 /* USNUsnitEventGen.h */ = {isa = PBXFileReference; lastKnownFileType = sourcecode.c.h; path = USNUsnitEventGen.h; sourceTree = "<group>"; };
		B27CDFD850FE3E3FBD865FF3 /* usnit_event_gen.hpp */ = {isa = PBXFileReference; lastKnownFileType = text; path = usnit_event_gen.hpp; sourceTree = "<group>"; };
		C815E1E4AABFE2D550F8426F /* usnit_event_type.hpp */ = {isa = PBXFileReference; lastKnownFileType = text; path = usnit_event_type.hpp; sourceTree = "<group>"; };
		CEE15363A04F8E9F9E84AA37 /* lang_type.hpp */ = {isa = PBXFileReference; lastKnownFileType = text; path = lang_type.hpp; sourceTree = "<group>"; };
		D8493963346F50FA7E7C2A43 /* USNUsnitEventGen+Private.mm */ = {isa = PBXFileReference; lastKnownFileType = sourcecode.cpp.objcpp; path = "USNUsnitEventGen+Private.mm"; sourceTree = "<group>"; };
		DAE651C54730AD1525EE3A2C /* USNUsnitEventGen+Private.h */ = {isa = PBXFileReference; lastKnownFileType = sourcecode.c.h; path = "USNUsnitEventGen+Private.h"; sourceTree = "<group>"; };
		DF4F56E1CCD124EDA36FA232 /* USNUsnitType.h */ = {isa = PBXFileReference; lastKnownFileType = sourcecode.c.h; path = USNUsnitType.h; sourceTree = "<group>"; };
/* End PBXFileReference section */

/* Begin PBXFrameworksBuildPhase section */
		871ADBBCD92FAB2AB66EC643 /* Frameworks */ = {
			isa = PBXFrameworksBuildPhase;
			buildActionMask = 2147483647;
			files = (
			);
			runOnlyForDeploymentPostprocessing = 0;
		};
/* End PBXFrameworksBuildPhase section */

/* Begin PBXGroup section */
		2E8933E7F0FD20EEF503F5C4 = {
			isa = PBXGroup;
			children = (
				421E45E717080F13487BBC40 /* Source */,
				73890BE2881EEA8995C4368B /* Products */,
				3FC340FE50BF95AFB3386B13 /* Build */,
			);
			sourceTree = "<group>";
		};
		3A12DF14C51D1F2E826E9126 /* generated-src */ = {
			isa = PBXGroup;
			children = (
				A31E12A9D145BDEE8486693F /* cpp */,
				539F621AC8BF329833CDA452 /* objc */,
			);
			path = "generated-src";
			sourceTree = "<group>";
		};
		3FC340FE50BF95AFB3386B13 /* Build */ = {
			isa = PBXGroup;
			children = (
				869BD0915B099BF813E556DA /* common.gypi */,
				294C18D138F451F9A6B0755C /* usnit.gyp */,
			);
			name = Build;
			sourceTree = "<group>";
		};
		421E45E717080F13487BBC40 /* Source */ = {
			isa = PBXGroup;
			children = (
				E96AB33DD592677D24C88D22 /* cpp */,
				3A12DF14C51D1F2E826E9126 /* generated-src */,
			);
			name = Source;
			sourceTree = "<group>";
		};
		539F621AC8BF329833CDA452 /* objc */ = {
			isa = PBXGroup;
			children = (
				99B5BA40E37537A178C9FF1A /* USNLangType.h */,
				DAE651C54730AD1525EE3A2C /* USNUsnitEventGen+Private.h */,
				D8493963346F50FA7E7C2A43 /* USNUsnitEventGen+Private.mm */,
				9FCD2C739AF9AA54C0F44919 /* USNUsnitEventGen.h */,
				6B77AF412EDB49C820075CA9 /* USNUsnitEventType.h */,
				30DF8A96D4ED0EC6B1B04691 /* USNUsnitGen+Private.h */,
				49A8BC59A6DF6EBBA0BD217F /* USNUsnitGen+Private.mm */,
				7BED148A3A5C9AD86F31C793 /* USNUsnitGen.h */,
				DF4F56E1CCD124EDA36FA232 /* USNUsnitType.h */,
			);
			path = objc;
			sourceTree = "<group>";
		};
		73890BE2881EEA8995C4368B /* Products */ = {
			isa = PBXGroup;
			children = (
				4610FEA4A901D379EDC60051 /* libusnit_objc.a */,
			);
			name = Products;
			sourceTree = "<group>";
		};
		A31E12A9D145BDEE8486693F /* cpp */ = {
			isa = PBXGroup;
			children = (
				CEE15363A04F8E9F9E84AA37 /* lang_type.hpp */,
				B27CDFD850FE3E3FBD865FF3 /* usnit_event_gen.hpp */,
				C815E1E4AABFE2D550F8426F /* usnit_event_type.hpp */,
				9B101F7C790C8C8AF278A633 /* usnit_gen.hpp */,
				4D67B6D000828CD49F129558 /* usnit_type.hpp */,
			);
			path = cpp;
			sourceTree = "<group>";
		};
		E96AB33DD592677D24C88D22 /* cpp */ = {
			isa = PBXGroup;
			children = (
				06BC903E305ABA0C8A6F99CE /* UsnitLogic.cpp */,
				7171C1DF80ECF3A921050E81 /* UsnitLogic.hpp */,
			);
			path = cpp;
			sourceTree = "<group>";
		};
/* End PBXGroup section */

/* Begin PBXNativeTarget section */
		27B56351ED6D299FB06A16F7 /* usnit_objc */ = {
			isa = PBXNativeTarget;
			buildConfigurationList = 4C0B249979831B0055362DAC /* Build configuration list for PBXNativeTarget "usnit_objc" */;
			buildPhases = (
				3B5D55B4D136DF5605CC499E /* Sources */,
				871ADBBCD92FAB2AB66EC643 /* Frameworks */,
			);
			buildRules = (
			);
			dependencies = (
			);
			name = usnit_objc;
			productName = usnit_objc;
			productReference = 4610FEA4A901D379EDC60051 /* libusnit_objc.a */;
			productType = "com.apple.product-type.library.static";
		};
/* End PBXNativeTarget section */

/* Begin PBXProject section */
		3DB73A2E652D84A754A631F1 /* Project object */ = {
			isa = PBXProject;
			attributes = {
				BuildIndependentTargetsInParallel = YES;
			};
			buildConfigurationList = BFD05A1554232B6A6B5A60E1 /* Build configuration list for PBXProject "usnit" */;
			compatibilityVersion = "Xcode 3.2";
			hasScannedForEncodings = 1;
			mainGroup = 2E8933E7F0FD20EEF503F5C4;
			projectDirPath = ../..;
			projectRoot = "";
			targets = (
				27B56351ED6D299FB06A16F7 /* usnit_objc */,
			);
		};
/* End PBXProject section */

/* Begin PBXSourcesBuildPhase section */
		3B5D55B4D136DF5605CC499E /* Sources */ = {
			isa = PBXSourcesBuildPhase;
			buildActionMask = 2147483647;
			files = (
				9D701432352DA19CA5B7F47B /* USNUsnitEventGen+Private.mm in Sources */,
				A2C7E4B00050320E1455365B /* USNUsnitGen+Private.mm in Sources */,
				5C3EB210938ED45B15E9AC2F /* UsnitLogic.cpp in Sources */,
			);
			runOnlyForDeploymentPostprocessing = 0;
		};
/* End PBXSourcesBuildPhase section */

/* Begin XCBuildConfiguration section */
		284BC4E8586C13B4B1BEEBAB /* Release */ = {
			isa = XCBuildConfiguration;
			buildSettings = {
				INTERMEDIATE_DIR = "$(PROJECT_DERIVED_FILE_DIR)/$(CONFIGURATION)";
				SHARED_INTERMEDIATE_DIR = "$(SYMROOT)/DerivedSources/$(CONFIGURATION)";
			};
			name = Release;
		};
		6BBB385956F28852B3E000AC /* Debug */ = {
			isa = XCBuildConfiguration;
			buildSettings = {
				INTERMEDIATE_DIR = "$(PROJECT_DERIVED_FILE_DIR)/$(CONFIGURATION)";
				SHARED_INTERMEDIATE_DIR = "$(SYMROOT)/DerivedSources/$(CONFIGURATION)";
			};
			name = Debug;
		};
		73E4C45EB5458B468CE782FF /* Debug */ = {
			isa = XCBuildConfiguration;
			buildSettings = {
				CLANG_CXX_LANGUAGE_STANDARD = "c++11";
				CLANG_CXX_LIBRARY = "libc++";
				CLANG_ENABLE_OBJC_ARC = YES;
				DEAD_CODE_STRIPPING = YES;
				EXECUTABLE_PREFIX = lib;
				GCC_PREPROCESSOR_DEFINITIONS = "DEBUG=1";
				HEADER_SEARCH_PATHS = (
					"./generated-src/objc",
					"./generated-src/cpp",
					./cpp,
					"./gearsbox/deps/djinni/support-lib/objc",
					"gearsbox/generated-src/objc",
					gearsbox/interface,
					gearsbox/deps/sqlite3,
					gearsbox/deps/curl,
					gearsbox/deps/curl/curl,
				);
				ONLY_ACTIVE_ARCH = YES;
				OTHER_CFLAGS = "-Wall";
				OTHER_CPLUSPLUSFLAGS = "-Wall";
				PRODUCT_NAME = usnit_objc;
				SDKROOT = iphoneos;
				SKIP_INSTALL = YES;
				SUPPORTED_PLATFORMS = "iphonesimulator iphoneos";
			};
			name = Debug;
		};
		B6BA2E9B3ECE3CE19BE78251 /* Release */ = {
			isa = XCBuildConfiguration;
			buildSettings = {
				CLANG_CXX_LANGUAGE_STANDARD = "c++11";
				CLANG_CXX_LIBRARY = "libc++";
				CLANG_ENABLE_OBJC_ARC = YES;
				DEAD_CODE_STRIPPING = YES;
				EXECUTABLE_PREFIX = lib;
				GCC_PREPROCESSOR_DEFINITIONS = "NDEBUG=1";
				HEADER_SEARCH_PATHS = (
					"./generated-src/objc",
					"./generated-src/cpp",
					./cpp,
					"./gearsbox/deps/djinni/support-lib/objc",
					"gearsbox/generated-src/objc",
					gearsbox/interface,
					gearsbox/deps/sqlite3,
					gearsbox/deps/curl,
					gearsbox/deps/curl/curl,
				);
				OTHER_CFLAGS = "-Wall";
				OTHER_CPLUSPLUSFLAGS = "-Wall";
				PRODUCT_NAME = usnit_objc;
				SDKROOT = iphoneos;
				SKIP_INSTALL = YES;
				SUPPORTED_PLATFORMS = "iphonesimulator iphoneos";
			};
			name = Release;
		};
/* End XCBuildConfiguration section */

/* Begin XCConfigurationList section */
		4C0B249979831B0055362DAC /* Build configuration list for PBXNativeTarget "usnit_objc" */ = {
			isa = XCConfigurationList;
			buildConfigurations = (
				73E4C45EB5458B468CE782FF /* Debug */,
				B6BA2E9B3ECE3CE19BE78251 /* Release */,
			);
			defaultConfigurationIsVisible = 1;
			defaultConfigurationName = Debug;
		};
		BFD05A1554232B6A6B5A60E1 /* Build configuration list for PBXProject "usnit" */ = {
			isa = XCConfigurationList;
			buildConfigurations = (
				6BBB385956F28852B3E000AC /* Debug */,
				284BC4E8586C13B4B1BEEBAB /* Release */,
			);
			defaultConfigurationIsVisible = 1;
			defaultConfigurationName = Debug;
		};
/* End XCConfigurationList section */
	};
	rootObject = 3DB73A2E652D84A754A631F1 /* Project object */;
}
